
Microsoft Visual Studio Solution File, Format Version 12.00
# Visual Studio 15
VisualStudioVersion = 15.0.28010.2036
MinimumVisualStudioVersion = 10.0.40219.1
Project("{9A19103F-16F7-4668-BE54-9A1E7A4F7556}") = "SVL.Domain.Location", "src\1 - Domain\SVL.Domain.Location\SVL.Domain.Location.csproj", "{940EBDB5-2D29-4690-9B57-08D6EF3B662F}"
EndProject
Project("{2150E333-8FDC-42A3-9474-1A3956D46DE8}") = "1 - Domain", "1 - Domain", "{23815E6D-2C95-4344-92EA-552E1988936E}"
EndProject
Project("{2150E333-8FDC-42A3-9474-1A3956D46DE8}") = "2 - Infra", "2 - Infra", "{5168941D-E34F-4E81-A04C-EC1BCCC61A5A}"
EndProject
Project("{2150E333-8FDC-42A3-9474-1A3956D46DE8}") = "3 - Test", "3 - Test", "{BB339D5D-B0E3-4619-A575-6E3D077D6722}"
EndProject
Project("{9A19103F-16F7-4668-BE54-9A1E7A4F7556}") = "SVL.Infra", "src\2 - Infra\SVL.Infra\SVL.Infra.csproj", "{0A40500B-8DAD-476E-8A79-34DA6BE85571}"
EndProject
Project("{9A19103F-16F7-4668-BE54-9A1E7A4F7556}") = "Devolution.Tests", "src\3 - Test\SVL.XUnitTest\Devolution.Tests.csproj", "{A9927852-63D0-4D79-9888-2B45F1EA1C79}"
EndProject
Project("{9A19103F-16F7-4668-BE54-9A1E7A4F7556}") = "Location.Tests", "src\3 - Test\Domain.Location.Tests\Location.Tests.csproj", "{F70A009F-1ABB-48FA-95A6-98625B86830C}"
EndProject
Project("{9A19103F-16F7-4668-BE54-9A1E7A4F7556}") = "SVL.Domain.Devolution", "src\1 - Domain\SVL.Domain.Devolution\SVL.Domain.Devolution.csproj", "{4D3104AB-0F8E-4EE7-9C1E-8AF43C4250A6}"
EndProject
Project("{9A19103F-16F7-4668-BE54-9A1E7A4F7556}") = "SVL.Domain.Ticketing", "src\1 - Domain\SVL.Domain.Ticheting\SVL.Domain.Ticketing.csproj", "{89F65158-D3B9-449A-A61B-54AE0647D940}"
EndProject
Project("{9A19103F-16F7-4668-BE54-9A1E7A4F7556}") = "SVL.Domain.Base", "src\1 - Domain\SVL.Domain.Base\SVL.Domain.Base.csproj", "{C1F5A73F-3DBA-446B-A7E4-B4582038686A}"
EndProject
Project("{2150E333-8FDC-42A3-9474-1A3956D46DE8}") = "0 - API", "0 - API", "{F46E931C-9A6C-4FBB-B7F9-FF2DD1C23CD3}"
EndProject
Project("{9A19103F-16F7-4668-BE54-9A1E7A4F7556}") = "SVL.Domain.Wallet", "src\1 - Domain\SVL.Domain.Wallet\SVL.Domain.Wallet.csproj", "{5BDF0554-A9BD-466C-B0E1-BBF4D9079350}"
EndProject
Project("{9A19103F-16F7-4668-BE54-9A1E7A4F7556}") = "SVL.Web", "src\0 - API\SVL.Web\SVL.Web.csproj", "{4F62FFAC-6B5B-4E28-AD33-D66DEA428E63}"
EndProject
Project("{2150E333-8FDC-42A3-9474-1A3956D46DE8}") = "4 - Services", "src\4 - Services", "{321C8288-5E86-411F-9736-4E319CEC3691}"
EndProject
Project("{FAE04EC0-301F-11D3-BF4B-00C04F79EFBC}") = "SVL.Domain.Services", "src\4 - Services\SVL.Domain.Services\SVL.Domain.Services.csproj", "{91D912DF-50B9-4E73-A294-39A67D168CCD}"
EndProject
Global
	GlobalSection(SolutionConfigurationPlatforms) = preSolution
		Debug|Any CPU = Debug|Any CPU
		Release|Any CPU = Release|Any CPU
	EndGlobalSection
	GlobalSection(ProjectConfigurationPlatforms) = postSolution
		{940EBDB5-2D29-4690-9B57-08D6EF3B662F}.Debug|Any CPU.ActiveCfg = Debug|Any CPU
		{940EBDB5-2D29-4690-9B57-08D6EF3B662F}.Debug|Any CPU.Build.0 = Debug|Any CPU
		{940EBDB5-2D29-4690-9B57-08D6EF3B662F}.Release|Any CPU.ActiveCfg = Release|Any CPU
		{940EBDB5-2D29-4690-9B57-08D6EF3B662F}.Release|Any CPU.Build.0 = Release|Any CPU
		{0A40500B-8DAD-476E-8A79-34DA6BE85571}.Debug|Any CPU.ActiveCfg = Debug|Any CPU
		{0A40500B-8DAD-476E-8A79-34DA6BE85571}.Debug|Any CPU.Build.0 = Debug|Any CPU
		{0A40500B-8DAD-476E-8A79-34DA6BE85571}.Release|Any CPU.ActiveCfg = Release|Any CPU
		{0A40500B-8DAD-476E-8A79-34DA6BE85571}.Release|Any CPU.Build.0 = Release|Any CPU
		{A9927852-63D0-4D79-9888-2B45F1EA1C79}.Debug|Any CPU.ActiveCfg = Debug|Any CPU
		{A9927852-63D0-4D79-9888-2B45F1EA1C79}.Debug|Any CPU.Build.0 = Debug|Any CPU
		{A9927852-63D0-4D79-9888-2B45F1EA1C79}.Release|Any CPU.ActiveCfg = Release|Any CPU
		{A9927852-63D0-4D79-9888-2B45F1EA1C79}.Release|Any CPU.Build.0 = Release|Any CPU
		{F70A009F-1ABB-48FA-95A6-98625B86830C}.Debug|Any CPU.ActiveCfg = Debug|Any CPU
		{F70A009F-1ABB-48FA-95A6-98625B86830C}.Debug|Any CPU.Build.0 = Debug|Any CPU
		{F70A009F-1ABB-48FA-95A6-98625B86830C}.Release|Any CPU.ActiveCfg = Release|Any CPU
		{F70A009F-1ABB-48FA-95A6-98625B86830C}.Release|Any CPU.Build.0 = Release|Any CPU
		{4D3104AB-0F8E-4EE7-9C1E-8AF43C4250A6}.Debug|Any CPU.ActiveCfg = Debug|Any CPU
		{4D3104AB-0F8E-4EE7-9C1E-8AF43C4250A6}.Debug|Any CPU.Build.0 = Debug|Any CPU
		{4D3104AB-0F8E-4EE7-9C1E-8AF43C4250A6}.Release|Any CPU.ActiveCfg = Release|Any CPU
		{4D3104AB-0F8E-4EE7-9C1E-8AF43C4250A6}.Release|Any CPU.Build.0 = Release|Any CPU
		{89F65158-D3B9-449A-A61B-54AE0647D940}.Debug|Any CPU.ActiveCfg = Debug|Any CPU
		{89F65158-D3B9-449A-A61B-54AE0647D940}.Debug|Any CPU.Build.0 = Debug|Any CPU
		{89F65158-D3B9-449A-A61B-54AE0647D940}.Release|Any CPU.ActiveCfg = Release|Any CPU
		{89F65158-D3B9-449A-A61B-54AE0647D940}.Release|Any CPU.Build.0 = Release|Any CPU
		{C1F5A73F-3DBA-446B-A7E4-B4582038686A}.Debug|Any CPU.ActiveCfg = Debug|Any CPU
		{C1F5A73F-3DBA-446B-A7E4-B4582038686A}.Debug|Any CPU.Build.0 = Debug|Any CPU
		{C1F5A73F-3DBA-446B-A7E4-B4582038686A}.Release|Any CPU.ActiveCfg = Release|Any CPU
		{C1F5A73F-3DBA-446B-A7E4-B4582038686A}.Release|Any CPU.Build.0 = Release|Any CPU
		{5BDF0554-A9BD-466C-B0E1-BBF4D9079350}.Debug|Any CPU.ActiveCfg = Debug|Any CPU
		{5BDF0554-A9BD-466C-B0E1-BBF4D9079350}.Debug|Any CPU.Build.0 = Debug|Any CPU
		{5BDF0554-A9BD-466C-B0E1-BBF4D9079350}.Release|Any CPU.ActiveCfg = Release|Any CPU
		{5BDF0554-A9BD-466C-B0E1-BBF4D9079350}.Release|Any CPU.Build.0 = Release|Any CPU
		{4F62FFAC-6B5B-4E28-AD33-D66DEA428E63}.Debug|Any CPU.ActiveCfg = Debug|Any CPU
		{4F62FFAC-6B5B-4E28-AD33-D66DEA428E63}.Debug|Any CPU.Build.0 = Debug|Any CPU
		{4F62FFAC-6B5B-4E28-AD33-D66DEA428E63}.Release|Any CPU.ActiveCfg = Release|Any CPU
		{4F62FFAC-6B5B-4E28-AD33-D66DEA428E63}.Release|Any CPU.Build.0 = Release|Any CPU
		{91D912DF-50B9-4E73-A294-39A67D168CCD}.Debug|Any CPU.ActiveCfg = Debug|Any CPU
		{91D912DF-50B9-4E73-A294-39A67D168CCD}.Debug|Any CPU.Build.0 = Debug|Any CPU
		{91D912DF-50B9-4E73-A294-39A67D168CCD}.Release|Any CPU.ActiveCfg = Release|Any CPU
		{91D912DF-50B9-4E73-A294-39A67D168CCD}.Release|Any CPU.Build.0 = Release|Any CPU
	EndGlobalSection
	GlobalSection(SolutionProperties) = preSolution
		HideSolutionNode = FALSE
	EndGlobalSection
	GlobalSection(NestedProjects) = preSolution
		{940EBDB5-2D29-4690-9B57-08D6EF3B662F} = {23815E6D-2C95-4344-92EA-552E1988936E}
		{0A40500B-8DAD-476E-8A79-34DA6BE85571} = {5168941D-E34F-4E81-A04C-EC1BCCC61A5A}
		{A9927852-63D0-4D79-9888-2B45F1EA1C79} = {BB339D5D-B0E3-4619-A575-6E3D077D6722}
		{F70A009F-1ABB-48FA-95A6-98625B86830C} = {BB339D5D-B0E3-4619-A575-6E3D077D6722}
		{4D3104AB-0F8E-4EE7-9C1E-8AF43C4250A6} = {23815E6D-2C95-4344-92EA-552E1988936E}
		{89F65158-D3B9-449A-A61B-54AE0647D940} = {23815E6D-2C95-4344-92EA-552E1988936E}
		{C1F5A73F-3DBA-446B-A7E4-B4582038686A} = {23815E6D-2C95-4344-92EA-552E1988936E}
		{5BDF0554-A9BD-466C-B0E1-BBF4D9079350} = {23815E6D-2C95-4344-92EA-552E1988936E}
		{4F62FFAC-6B5B-4E28-AD33-D66DEA428E63} = {F46E931C-9A6C-4FBB-B7F9-FF2DD1C23CD3}
		{91D912DF-50B9-4E73-A294-39A67D168CCD} = {321C8288-5E86-411F-9736-4E319CEC3691}
	EndGlobalSection
	GlobalSection(ExtensibilityGlobals) = postSolution
		SolutionGuid = {62CCEC0D-9A4A-48D2-B57B-A10C98ED2EC6}
	EndGlobalSection
EndGlobal
